// !$*UTF8*$!
{
	archiveVersion = 1;
	classes = {
	};
	objectVersion = 51;
	objects = {

/* Begin PBXBuildFile section */
		36313E872651BFB10021BC42 /* success.mp3 in Resources */ = {isa = PBXBuildFile; fileRef = 36313E862651BFB10021BC42 /* success.mp3 */; };
		36313E8B2651BFC70021BC42 /* deleted.mp3 in Resources */ = {isa = PBXBuildFile; fileRef = 36313E8A2651BFC70021BC42 /* deleted.mp3 */; };
		365A53A0263FA110000F6F4F /* MyReviewCell.swift in Sources */ = {isa = PBXBuildFile; fileRef = 365A539F263FA110000F6F4F /* MyReviewCell.swift */; };
		366954B22638D7B500A71D6C /* BusinessResultCell.swift in Sources */ = {isa = PBXBuildFile; fileRef = 366954B12638D7B500A71D6C /* BusinessResultCell.swift */; };
		366954B52638DEE300A71D6C /* UIImageView+DownloadImage.swift in Sources */ = {isa = PBXBuildFile; fileRef = 366954B42638DEE300A71D6C /* UIImageView+DownloadImage.swift */; };
		366954B9263904AB00A71D6C /* yelpStars.swift in Sources */ = {isa = PBXBuildFile; fileRef = 366954B8263904AB00A71D6C /* yelpStars.swift */; };
		366954BF2639F7A500A71D6C /* String+AppendStrings.swift in Sources */ = {isa = PBXBuildFile; fileRef = 366954BE2639F7A500A71D6C /* String+AppendStrings.swift */; };
		366954C3263A1E8600A71D6C /* MapViewController.swift in Sources */ = {isa = PBXBuildFile; fileRef = 366954C2263A1E8600A71D6C /* MapViewController.swift */; };
		367F40F02643754D0060992B /* MyReviewNoImagesCell.swift in Sources */ = {isa = PBXBuildFile; fileRef = 367F40EF2643754D0060992B /* MyReviewNoImagesCell.swift */; };
		3684D200264EDCA700B36A73 /* InitialViewController.swift in Sources */ = {isa = PBXBuildFile; fileRef = 3684D1FF264EDCA600B36A73 /* InitialViewController.swift */; };
		36B64181263B47AD006620AC /* ReviewResultCell.swift in Sources */ = {isa = PBXBuildFile; fileRef = 36B64180263B47AD006620AC /* ReviewResultCell.swift */; };
		36B64184263B6548006620AC /* MapCell.swift in Sources */ = {isa = PBXBuildFile; fileRef = 36B64183263B6548006620AC /* MapCell.swift */; };
		36B6418A263BA387006620AC /* AddReviewViewController.swift in Sources */ = {isa = PBXBuildFile; fileRef = 36B64189263BA387006620AC /* AddReviewViewController.swift */; };
		36B6418E263C588E006620AC /* SelfReviews.xcdatamodeld in Sources */ = {isa = PBXBuildFile; fileRef = 36B6418C263C588E006620AC /* SelfReviews.xcdatamodeld */; };
		36B64191263C5B1C006620AC /* globalFuncs.swift in Sources */ = {isa = PBXBuildFile; fileRef = 36B64190263C5B1C006620AC /* globalFuncs.swift */; };
		36B64199263C6F36006620AC /* MyReviewsViewController.swift in Sources */ = {isa = PBXBuildFile; fileRef = 36B64198263C6F36006620AC /* MyReviewsViewController.swift */; };
		36B6419C263C81AF006620AC /* HudView.swift in Sources */ = {isa = PBXBuildFile; fileRef = 36B6419B263C81AF006620AC /* HudView.swift */; };
		36B641C1263C9D88006620AC /* Review+CoreDataClass.swift in Sources */ = {isa = PBXBuildFile; fileRef = 36B641BF263C9D88006620AC /* Review+CoreDataClass.swift */; };
		36B641C2263C9D88006620AC /* Review+CoreDataProperties.swift in Sources */ = {isa = PBXBuildFile; fileRef = 36B641C0263C9D88006620AC /* Review+CoreDataProperties.swift */; };
		36B641CB263CEB41006620AC /* photoCell.swift in Sources */ = {isa = PBXBuildFile; fileRef = 36B641CA263CEB41006620AC /* photoCell.swift */; };
		36B641CF263CFA2A006620AC /* addImageButtonCell.swift in Sources */ = {isa = PBXBuildFile; fileRef = 36B641CE263CFA2A006620AC /* addImageButtonCell.swift */; };
		36B9F824262F6E460010BFCD /* AppDelegate.swift in Sources */ = {isa = PBXBuildFile; fileRef = 36B9F823262F6E460010BFCD /* AppDelegate.swift */; };
		36B9F826262F6E460010BFCD /* SceneDelegate.swift in Sources */ = {isa = PBXBuildFile; fileRef = 36B9F825262F6E460010BFCD /* SceneDelegate.swift */; };
		36B9F828262F6E460010BFCD /* SearchViewController.swift in Sources */ = {isa = PBXBuildFile; fileRef = 36B9F827262F6E460010BFCD /* SearchViewController.swift */; };
		36B9F82B262F6E460010BFCD /* Main.storyboard in Resources */ = {isa = PBXBuildFile; fileRef = 36B9F829262F6E460010BFCD /* Main.storyboard */; };
		36B9F830262F6E4A0010BFCD /* Assets.xcassets in Resources */ = {isa = PBXBuildFile; fileRef = 36B9F82F262F6E4A0010BFCD /* Assets.xcassets */; };
		36B9F833262F6E4A0010BFCD /* LaunchScreen.storyboard in Resources */ = {isa = PBXBuildFile; fileRef = 36B9F831262F6E4A0010BFCD /* LaunchScreen.storyboard */; };
		36BFC6262630EEC000D70D60 /* YelpResult.swift in Sources */ = {isa = PBXBuildFile; fileRef = 36BFC6252630EEC000D70D60 /* YelpResult.swift */; };
		36EAE993263B3B3400CBE716 /* YelpReview.swift in Sources */ = {isa = PBXBuildFile; fileRef = 36EAE992263B3B3400CBE716 /* YelpReview.swift */; };
		6AD9A9B68D44A3D38E0539C7 /* Pods_YourELP.framework in Frameworks */ = {isa = PBXBuildFile; fileRef = 9CD445B6D6E197A37A329433 /* Pods_YourELP.framework */; };
/* End PBXBuildFile section */

/* Begin PBXFileReference section */
		12A70B53793F1D4B5C5241D2 /* Pods-YourELP.debug.xcconfig */ = {isa = PBXFileReference; includeInIndex = 1; lastKnownFileType = text.xcconfig; name = "Pods-YourELP.debug.xcconfig"; path = "Target Support Files/Pods-YourELP/Pods-YourELP.debug.xcconfig"; sourceTree = "<group>"; };
		36313E862651BFB10021BC42 /* success.mp3 */ = {isa = PBXFileReference; lastKnownFileType = audio.mp3; path = success.mp3; sourceTree = "<group>"; };
		36313E8A2651BFC70021BC42 /* deleted.mp3 */ = {isa = PBXFileReference; lastKnownFileType = audio.mp3; path = deleted.mp3; sourceTree = "<group>"; };
		365A539F263FA110000F6F4F /* MyReviewCell.swift */ = {isa = PBXFileReference; lastKnownFileType = sourcecode.swift; path = MyReviewCell.swift; sourceTree = "<group>"; };
		366954B12638D7B500A71D6C /* BusinessResultCell.swift */ = {isa = PBXFileReference; lastKnownFileType = sourcecode.swift; path = BusinessResultCell.swift; sourceTree = "<group>"; };
		366954B42638DEE300A71D6C /* UIImageView+DownloadImage.swift */ = {isa = PBXFileReference; lastKnownFileType = sourcecode.swift; path = "UIImageView+DownloadImage.swift"; sourceTree = "<group>"; };
		366954B8263904AB00A71D6C /* yelpStars.swift */ = {isa = PBXFileReference; lastKnownFileType = sourcecode.swift; path = yelpStars.swift; sourceTree = "<group>"; };
		366954BE2639F7A500A71D6C /* String+AppendStrings.swift */ = {isa = PBXFileReference; lastKnownFileType = sourcecode.swift; path = "String+AppendStrings.swift"; sourceTree = "<group>"; };
		366954C2263A1E8600A71D6C /* MapViewController.swift */ = {isa = PBXFileReference; lastKnownFileType = sourcecode.swift; path = MapViewController.swift; sourceTree = "<group>"; };
		367F40EF2643754D0060992B /* MyReviewNoImagesCell.swift */ = {isa = PBXFileReference; lastKnownFileType = sourcecode.swift; path = MyReviewNoImagesCell.swift; sourceTree = "<group>"; };
		3684D1FF264EDCA600B36A73 /* InitialViewController.swift */ = {isa = PBXFileReference; lastKnownFileType = sourcecode.swift; path = InitialViewController.swift; sourceTree = "<group>"; };
		36B64180263B47AD006620AC /* ReviewResultCell.swift */ = {isa = PBXFileReference; lastKnownFileType = sourcecode.swift; path = ReviewResultCell.swift; sourceTree = "<group>"; };
		36B64183263B6548006620AC /* MapCell.swift */ = {isa = PBXFileReference; lastKnownFileType = sourcecode.swift; path = MapCell.swift; sourceTree = "<group>"; };
		36B64189263BA387006620AC /* AddReviewViewController.swift */ = {isa = PBXFileReference; lastKnownFileType = sourcecode.swift; path = AddReviewViewController.swift; sourceTree = "<group>"; };
		36B6418D263C588E006620AC /* SelfReviews.xcdatamodel */ = {isa = PBXFileReference; lastKnownFileType = wrapper.xcdatamodel; path = SelfReviews.xcdatamodel; sourceTree = "<group>"; };
		36B64190263C5B1C006620AC /* globalFuncs.swift */ = {isa = PBXFileReference; lastKnownFileType = sourcecode.swift; path = globalFuncs.swift; sourceTree = "<group>"; };
		36B64198263C6F36006620AC /* MyReviewsViewController.swift */ = {isa = PBXFileReference; lastKnownFileType = sourcecode.swift; path = MyReviewsViewController.swift; sourceTree = "<group>"; xcLanguageSpecificationIdentifier = xcode.lang.swift; };
		36B6419B263C81AF006620AC /* HudView.swift */ = {isa = PBXFileReference; lastKnownFileType = sourcecode.swift; path = HudView.swift; sourceTree = "<group>"; };
		36B641BF263C9D88006620AC /* Review+CoreDataClass.swift */ = {isa = PBXFileReference; lastKnownFileType = sourcecode.swift; path = "Review+CoreDataClass.swift"; sourceTree = "<group>"; };
		36B641C0263C9D88006620AC /* Review+CoreDataProperties.swift */ = {isa = PBXFileReference; lastKnownFileType = sourcecode.swift; path = "Review+CoreDataProperties.swift"; sourceTree = "<group>"; };
		36B641CA263CEB41006620AC /* photoCell.swift */ = {isa = PBXFileReference; lastKnownFileType = sourcecode.swift; path = photoCell.swift; sourceTree = "<group>"; };
		36B641CE263CFA2A006620AC /* addImageButtonCell.swift */ = {isa = PBXFileReference; lastKnownFileType = sourcecode.swift; path = addImageButtonCell.swift; sourceTree = "<group>"; };
		36B9F820262F6E460010BFCD /* YourELP.app */ = {isa = PBXFileReference; explicitFileType = wrapper.application; includeInIndex = 0; path = YourELP.app; sourceTree = BUILT_PRODUCTS_DIR; };
		36B9F823262F6E460010BFCD /* AppDelegate.swift */ = {isa = PBXFileReference; lastKnownFileType = sourcecode.swift; path = AppDelegate.swift; sourceTree = "<group>"; };
		36B9F825262F6E460010BFCD /* SceneDelegate.swift */ = {isa = PBXFileReference; lastKnownFileType = sourcecode.swift; path = SceneDelegate.swift; sourceTree = "<group>"; };
		36B9F827262F6E460010BFCD /* SearchViewController.swift */ = {isa = PBXFileReference; lastKnownFileType = sourcecode.swift; path = SearchViewController.swift; sourceTree = "<group>"; };
		36B9F82A262F6E460010BFCD /* Base */ = {isa = PBXFileReference; lastKnownFileType = file.storyboard; name = Base; path = Base.lproj/Main.storyboard; sourceTree = "<group>"; };
		36B9F82F262F6E4A0010BFCD /* Assets.xcassets */ = {isa = PBXFileReference; lastKnownFileType = folder.assetcatalog; path = Assets.xcassets; sourceTree = "<group>"; };
		36B9F832262F6E4A0010BFCD /* Base */ = {isa = PBXFileReference; lastKnownFileType = file.storyboard; name = Base; path = Base.lproj/LaunchScreen.storyboard; sourceTree = "<group>"; };
		36B9F834262F6E4A0010BFCD /* Info.plist */ = {isa = PBXFileReference; lastKnownFileType = text.plist.xml; path = Info.plist; sourceTree = "<group>"; };
		36BFC6252630EEC000D70D60 /* YelpResult.swift */ = {isa = PBXFileReference; lastKnownFileType = sourcecode.swift; path = YelpResult.swift; sourceTree = "<group>"; };
		36EAE992263B3B3400CBE716 /* YelpReview.swift */ = {isa = PBXFileReference; lastKnownFileType = sourcecode.swift; path = YelpReview.swift; sourceTree = "<group>"; };
		9CD445B6D6E197A37A329433 /* Pods_YourELP.framework */ = {isa = PBXFileReference; explicitFileType = wrapper.framework; includeInIndex = 0; path = Pods_YourELP.framework; sourceTree = BUILT_PRODUCTS_DIR; };
		EE198B2B92AD394DFC4AADFB /* Pods-YourELP.release.xcconfig */ = {isa = PBXFileReference; includeInIndex = 1; lastKnownFileType = text.xcconfig; name = "Pods-YourELP.release.xcconfig"; path = "Target Support Files/Pods-YourELP/Pods-YourELP.release.xcconfig"; sourceTree = "<group>"; };
/* End PBXFileReference section */

/* Begin PBXFrameworksBuildPhase section */
		36B9F81D262F6E460010BFCD /* Frameworks */ = {
			isa = PBXFrameworksBuildPhase;
			buildActionMask = 2147483647;
			files = (
				6AD9A9B68D44A3D38E0539C7 /* Pods_YourELP.framework in Frameworks */,
			);
			runOnlyForDeploymentPostprocessing = 0;
		};
/* End PBXFrameworksBuildPhase section */

/* Begin PBXGroup section */
		36313E782651BB190021BC42 /* Models */ = {
			isa = PBXGroup;
			children = (
				36BFC6252630EEC000D70D60 /* YelpResult.swift */,
				36EAE992263B3B3400CBE716 /* YelpReview.swift */,
			);
			path = Models;
			sourceTree = "<group>";
		};
		36313E792651BB640021BC42 /* Controllers */ = {
			isa = PBXGroup;
			children = (
				36B9F827262F6E460010BFCD /* SearchViewController.swift */,
				366954C2263A1E8600A71D6C /* MapViewController.swift */,
				36B64189263BA387006620AC /* AddReviewViewController.swift */,
				36B64198263C6F36006620AC /* MyReviewsViewController.swift */,
				3684D1FF264EDCA600B36A73 /* InitialViewController.swift */,
			);
			path = Controllers;
			sourceTree = "<group>";
		};
		36313E7B2651BBBC0021BC42 /* Utilities */ = {
			isa = PBXGroup;
			children = (
				36B64190263C5B1C006620AC /* globalFuncs.swift */,
				366954B42638DEE300A71D6C /* UIImageView+DownloadImage.swift */,
				366954B8263904AB00A71D6C /* yelpStars.swift */,
				366954BE2639F7A500A71D6C /* String+AppendStrings.swift */,
				36B6419B263C81AF006620AC /* HudView.swift */,
			);
			path = Utilities;
			sourceTree = "<group>";
		};
		36313E7C2651BBFF0021BC42 /* Storyboards */ = {
			isa = PBXGroup;
			children = (
				36B9F829262F6E460010BFCD /* Main.storyboard */,
				36B9F831262F6E4A0010BFCD /* LaunchScreen.storyboard */,
			);
			path = Storyboards;
			sourceTree = "<group>";
		};
		366954B02638D79F00A71D6C /* TableViewCells */ = {
			isa = PBXGroup;
			children = (
				366954B12638D7B500A71D6C /* BusinessResultCell.swift */,
				36B64180263B47AD006620AC /* ReviewResultCell.swift */,
				36B64183263B6548006620AC /* MapCell.swift */,
				365A539F263FA110000F6F4F /* MyReviewCell.swift */,
				367F40EF2643754D0060992B /* MyReviewNoImagesCell.swift */,
			);
			path = TableViewCells;
			sourceTree = "<group>";
		};
		36B641C4263CEA70006620AC /* CollectionViewCells */ = {
			isa = PBXGroup;
			children = (
				36B641CA263CEB41006620AC /* photoCell.swift */,
				36B641CE263CFA2A006620AC /* addImageButtonCell.swift */,
			);
			path = CollectionViewCells;
			sourceTree = "<group>";
		};
		36B9F817262F6E460010BFCD = {
			isa = PBXGroup;
			children = (
				36B641BF263C9D88006620AC /* Review+CoreDataClass.swift */,
				36B641C0263C9D88006620AC /* Review+CoreDataProperties.swift */,
				36B9F822262F6E460010BFCD /* YourELP */,
				36B9F821262F6E460010BFCD /* Products */,
				8E00920B346501680701692A /* Pods */,
				E8567F677003A96565F82BEE /* Frameworks */,
			);
			sourceTree = "<group>";
		};
		36B9F821262F6E460010BFCD /* Products */ = {
			isa = PBXGroup;
			children = (
				36B9F820262F6E460010BFCD /* YourELP.app */,
			);
			name = Products;
			sourceTree = "<group>";
		};
		36B9F822262F6E460010BFCD /* YourELP */ = {
			isa = PBXGroup;
			children = (
				36313E7C2651BBFF0021BC42 /* Storyboards */,
				36313E7B2651BBBC0021BC42 /* Utilities */,
				36313E792651BB640021BC42 /* Controllers */,
				36313E782651BB190021BC42 /* Models */,
				36B641C4263CEA70006620AC /* CollectionViewCells */,
				366954B02638D79F00A71D6C /* TableViewCells */,
				36B9F823262F6E460010BFCD /* AppDelegate.swift */,
				36B9F825262F6E460010BFCD /* SceneDelegate.swift */,
				36B9F82F262F6E4A0010BFCD /* Assets.xcassets */,
				36B9F834262F6E4A0010BFCD /* Info.plist */,
				36B6418C263C588E006620AC /* SelfReviews.xcdatamodeld */,
				36313E862651BFB10021BC42 /* success.mp3 */,
				36313E8A2651BFC70021BC42 /* deleted.mp3 */,
			);
			path = YourELP;
			sourceTree = "<group>";
		};
		8E00920B346501680701692A /* Pods */ = {
			isa = PBXGroup;
			children = (
				12A70B53793F1D4B5C5241D2 /* Pods-YourELP.debug.xcconfig */,
				EE198B2B92AD394DFC4AADFB /* Pods-YourELP.release.xcconfig */,
			);
			path = Pods;
			sourceTree = "<group>";
		};
		E8567F677003A96565F82BEE /* Frameworks */ = {
			isa = PBXGroup;
			children = (
				9CD445B6D6E197A37A329433 /* Pods_YourELP.framework */,
			);
			name = Frameworks;
			sourceTree = "<group>";
		};
/* End PBXGroup section */

/* Begin PBXNativeTarget section */
		36B9F81F262F6E460010BFCD /* YourELP */ = {
			isa = PBXNativeTarget;
			buildConfigurationList = 36B9F837262F6E4A0010BFCD /* Build configuration list for PBXNativeTarget "YourELP" */;
			buildPhases = (
				80CF85C06C323E388A6420C5 /* [CP] Check Pods Manifest.lock */,
				36B9F81C262F6E460010BFCD /* Sources */,
				36B9F81D262F6E460010BFCD /* Frameworks */,
				36B9F81E262F6E460010BFCD /* Resources */,
				EE7A6C68044CDAE4C2811225 /* [CP] Embed Pods Frameworks */,
			);
			buildRules = (
			);
			dependencies = (
			);
			name = YourELP;
			productName = iOSProj;
			productReference = 36B9F820262F6E460010BFCD /* YourELP.app */;
			productType = "com.apple.product-type.application";
		};
/* End PBXNativeTarget section */

/* Begin PBXProject section */
		36B9F818262F6E460010BFCD /* Project object */ = {
			isa = PBXProject;
			attributes = {
				LastSwiftUpdateCheck = 1240;
				LastUpgradeCheck = 1240;
				TargetAttributes = {
					36B9F81F262F6E460010BFCD = {
						CreatedOnToolsVersion = 12.4;
					};
				};
			};
			buildConfigurationList = 36B9F81B262F6E460010BFCD /* Build configuration list for PBXProject "YourELP" */;
			compatibilityVersion = "Xcode 9.3";
			developmentRegion = en;
			hasScannedForEncodings = 0;
			knownRegions = (
				en,
				Base,
			);
			mainGroup = 36B9F817262F6E460010BFCD;
			productRefGroup = 36B9F821262F6E460010BFCD /* Products */;
			projectDirPath = "";
			projectRoot = "";
			targets = (
				36B9F81F262F6E460010BFCD /* YourELP */,
			);
		};
/* End PBXProject section */

/* Begin PBXResourcesBuildPhase section */
		36B9F81E262F6E460010BFCD /* Resources */ = {
			isa = PBXResourcesBuildPhase;
			buildActionMask = 2147483647;
			files = (
				36B9F833262F6E4A0010BFCD /* LaunchScreen.storyboard in Resources */,
				36B9F830262F6E4A0010BFCD /* Assets.xcassets in Resources */,
				36313E872651BFB10021BC42 /* success.mp3 in Resources */,
				36313E8B2651BFC70021BC42 /* deleted.mp3 in Resources */,
				36B9F82B262F6E460010BFCD /* Main.storyboard in Resources */,
			);
			runOnlyForDeploymentPostprocessing = 0;
		};
/* End PBXResourcesBuildPhase section */

/* Begin PBXShellScriptBuildPhase section */
		80CF85C06C323E388A6420C5 /* [CP] Check Pods Manifest.lock */ = {
			isa = PBXShellScriptBuildPhase;
			buildActionMask = 2147483647;
			files = (
			);
			inputFileListPaths = (
			);
			inputPaths = (
				"${PODS_PODFILE_DIR_PATH}/Podfile.lock",
				"${PODS_ROOT}/Manifest.lock",
			);
			name = "[CP] Check Pods Manifest.lock";
			outputFileListPaths = (
			);
			outputPaths = (
				"$(DERIVED_FILE_DIR)/Pods-YourELP-checkManifestLockResult.txt",
			);
			runOnlyForDeploymentPostprocessing = 0;
			shellPath = /bin/sh;
			shellScript = "diff \"${PODS_PODFILE_DIR_PATH}/Podfile.lock\" \"${PODS_ROOT}/Manifest.lock\" > /dev/null\nif [ $? != 0 ] ; then\n    # print error to STDERR\n    echo \"error: The sandbox is not in sync with the Podfile.lock. Run 'pod install' or update your CocoaPods installation.\" >&2\n    exit 1\nfi\n# This output is used by Xcode 'outputs' to avoid re-running this script phase.\necho \"SUCCESS\" > \"${SCRIPT_OUTPUT_FILE_0}\"\n";
			showEnvVarsInLog = 0;
		};
		EE7A6C68044CDAE4C2811225 /* [CP] Embed Pods Frameworks */ = {
			isa = PBXShellScriptBuildPhase;
			buildActionMask = 2147483647;
			files = (
			);
			inputFileListPaths = (
				"${PODS_ROOT}/Target Support Files/Pods-YourELP/Pods-YourELP-frameworks-${CONFIGURATION}-input-files.xcfilelist",
			);
			name = "[CP] Embed Pods Frameworks";
			outputFileListPaths = (
				"${PODS_ROOT}/Target Support Files/Pods-YourELP/Pods-YourELP-frameworks-${CONFIGURATION}-output-files.xcfilelist",
			);
			runOnlyForDeploymentPostprocessing = 0;
			shellPath = /bin/sh;
			shellScript = "\"${PODS_ROOT}/Target Support Files/Pods-YourELP/Pods-YourELP-frameworks.sh\"\n";
			showEnvVarsInLog = 0;
		};
/* End PBXShellScriptBuildPhase section */

/* Begin PBXSourcesBuildPhase section */
		36B9F81C262F6E460010BFCD /* Sources */ = {
			isa = PBXSourcesBuildPhase;
			buildActionMask = 2147483647;
			files = (
				36B641CB263CEB41006620AC /* photoCell.swift in Sources */,
				3684D200264EDCA700B36A73 /* InitialViewController.swift in Sources */,
				366954B52638DEE300A71D6C /* UIImageView+DownloadImage.swift in Sources */,
				36EAE993263B3B3400CBE716 /* YelpReview.swift in Sources */,
				36B64199263C6F36006620AC /* MyReviewsViewController.swift in Sources */,
				36B64184263B6548006620AC /* MapCell.swift in Sources */,
				366954B9263904AB00A71D6C /* yelpStars.swift in Sources */,
				36B9F828262F6E460010BFCD /* SearchViewController.swift in Sources */,
				36B6418E263C588E006620AC /* SelfReviews.xcdatamodeld in Sources */,
				366954C3263A1E8600A71D6C /* MapViewController.swift in Sources */,
				366954BF2639F7A500A71D6C /* String+AppendStrings.swift in Sources */,
				36B641CF263CFA2A006620AC /* addImageButtonCell.swift in Sources */,
				367F40F02643754D0060992B /* MyReviewNoImagesCell.swift in Sources */,
				36B6418A263BA387006620AC /* AddReviewViewController.swift in Sources */,
				36B64191263C5B1C006620AC /* globalFuncs.swift in Sources */,
				36B9F824262F6E460010BFCD /* AppDelegate.swift in Sources */,
				36B6419C263C81AF006620AC /* HudView.swift in Sources */,
				36B64181263B47AD006620AC /* ReviewResultCell.swift in Sources */,
				36BFC6262630EEC000D70D60 /* YelpResult.swift in Sources */,
				365A53A0263FA110000F6F4F /* MyReviewCell.swift in Sources */,
				36B9F826262F6E460010BFCD /* SceneDelegate.swift in Sources */,
				366954B22638D7B500A71D6C /* BusinessResultCell.swift in Sources */,
				36B641C1263C9D88006620AC /* Review+CoreDataClass.swift in Sources */,
				36B641C2263C9D88006620AC /* Review+CoreDataProperties.swift in Sources */,
			);
			runOnlyForDeploymentPostprocessing = 0;
		};
/* End PBXSourcesBuildPhase section */

/* Begin PBXVariantGroup section */
		36B9F829262F6E460010BFCD /* Main.storyboard */ = {
			isa = PBXVariantGroup;
			children = (
				36B9F82A262F6E460010BFCD /* Base */,
			);
			name = Main.storyboard;
			sourceTree = "<group>";
		};
		36B9F831262F6E4A0010BFCD /* LaunchScreen.storyboard */ = {
			isa = PBXVariantGroup;
			children = (
				36B9F832262F6E4A0010BFCD /* Base */,
			);
			name = LaunchScreen.storyboard;
			sourceTree = "<group>";
		};
/* End PBXVariantGroup section */

/* Begin XCBuildConfiguration section */
		36B9F835262F6E4A0010BFCD /* Debug */ = {
			isa = XCBuildConfiguration;
			buildSettings = {
				ALWAYS_SEARCH_USER_PATHS = NO;
				CLANG_ANALYZER_NONNULL = YES;
				CLANG_ANALYZER_NUMBER_OBJECT_CONVERSION = YES_AGGRESSIVE;
				CLANG_CXX_LANGUAGE_STANDARD = "gnu++14";
				CLANG_CXX_LIBRARY = "libc++";
				CLANG_ENABLE_MODULES = YES;
				CLANG_ENABLE_OBJC_ARC = YES;
				CLANG_ENABLE_OBJC_WEAK = YES;
				CLANG_WARN_BLOCK_CAPTURE_AUTORELEASING = YES;
				CLANG_WARN_BOOL_CONVERSION = YES;
				CLANG_WARN_COMMA = YES;
				CLANG_WARN_CONSTANT_CONVERSION = YES;
				CLANG_WARN_DEPRECATED_OBJC_IMPLEMENTATIONS = YES;
				CLANG_WARN_DIRECT_OBJC_ISA_USAGE = YES_ERROR;
				CLANG_WARN_DOCUMENTATION_COMMENTS = YES;
				CLANG_WARN_EMPTY_BODY = YES;
				CLANG_WARN_ENUM_CONVERSION = YES;
				CLANG_WARN_INFINITE_RECURSION = YES;
				CLANG_WARN_INT_CONVERSION = YES;
				CLANG_WARN_NON_LITERAL_NULL_CONVERSION = YES;
				CLANG_WARN_OBJC_IMPLICIT_RETAIN_SELF = YES;
				CLANG_WARN_OBJC_LITERAL_CONVERSION = YES;
				CLANG_WARN_OBJC_ROOT_CLASS = YES_ERROR;
				CLANG_WARN_QUOTED_INCLUDE_IN_FRAMEWORK_HEADER = YES;
				CLANG_WARN_RANGE_LOOP_ANALYSIS = YES;
				CLANG_WARN_STRICT_PROTOTYPES = YES;
				CLANG_WARN_SUSPICIOUS_MOVE = YES;
				CLANG_WARN_UNGUARDED_AVAILABILITY = YES_AGGRESSIVE;
				CLANG_WARN_UNREACHABLE_CODE = YES;
				CLANG_WARN__DUPLICATE_METHOD_MATCH = YES;
				COPY_PHASE_STRIP = NO;
				DEBUG_INFORMATION_FORMAT = dwarf;
				ENABLE_STRICT_OBJC_MSGSEND = YES;
				ENABLE_TESTABILITY = YES;
				GCC_C_LANGUAGE_STANDARD = gnu11;
				GCC_DYNAMIC_NO_PIC = NO;
				GCC_NO_COMMON_BLOCKS = YES;
				GCC_OPTIMIZATION_LEVEL = 0;
				GCC_PREPROCESSOR_DEFINITIONS = (
					"DEBUG=1",
					"$(inherited)",
				);
				GCC_WARN_64_TO_32_BIT_CONVERSION = YES;
				GCC_WARN_ABOUT_RETURN_TYPE = YES_ERROR;
				GCC_WARN_UNDECLARED_SELECTOR = YES;
				GCC_WARN_UNINITIALIZED_AUTOS = YES_AGGRESSIVE;
				GCC_WARN_UNUSED_FUNCTION = YES;
				GCC_WARN_UNUSED_VARIABLE = YES;
				IPHONEOS_DEPLOYMENT_TARGET = 14.4;
				MTL_ENABLE_DEBUG_INFO = INCLUDE_SOURCE;
				MTL_FAST_MATH = YES;
				ONLY_ACTIVE_ARCH = YES;
				SDKROOT = iphoneos;
				SWIFT_ACTIVE_COMPILATION_CONDITIONS = DEBUG;
				SWIFT_OPTIMIZATION_LEVEL = "-Onone";
			};
			name = Debug;
		};
		36B9F836262F6E4A0010BFCD /* Release */ = {
			isa = XCBuildConfiguration;
			buildSettings = {
				ALWAYS_SEARCH_USER_PATHS = NO;
				CLANG_ANALYZER_NONNULL = YES;
				CLANG_ANALYZER_NUMBER_OBJECT_CONVERSION = YES_AGGRESSIVE;
				CLANG_CXX_LANGUAGE_STANDARD = "gnu++14";
				CLANG_CXX_LIBRARY = "libc++";
				CLANG_ENABLE_MODULES = YES;
				CLANG_ENABLE_OBJC_ARC = YES;
				CLANG_ENABLE_OBJC_WEAK = YES;
				CLANG_WARN_BLOCK_CAPTURE_AUTORELEASING = YES;
				CLANG_WARN_BOOL_CONVERSION = YES;
				CLANG_WARN_COMMA = YES;
				CLANG_WARN_CONSTANT_CONVERSION = YES;
				CLANG_WARN_DEPRECATED_OBJC_IMPLEMENTATIONS = YES;
				CLANG_WARN_DIRECT_OBJC_ISA_USAGE = YES_ERROR;
				CLANG_WARN_DOCUMENTATION_COMMENTS = YES;
				CLANG_WARN_EMPTY_BODY = YES;
				CLANG_WARN_ENUM_CONVERSION = YES;
				CLANG_WARN_INFINITE_RECURSION = YES;
				CLANG_WARN_INT_CONVERSION = YES;
				CLANG_WARN_NON_LITERAL_NULL_CONVERSION = YES;
				CLANG_WARN_OBJC_IMPLICIT_RETAIN_SELF = YES;
				CLANG_WARN_OBJC_LITERAL_CONVERSION = YES;
				CLANG_WARN_OBJC_ROOT_CLASS = YES_ERROR;
				CLANG_WARN_QUOTED_INCLUDE_IN_FRAMEWORK_HEADER = YES;
				CLANG_WARN_RANGE_LOOP_ANALYSIS = YES;
				CLANG_WARN_STRICT_PROTOTYPES = YES;
				CLANG_WARN_SUSPICIOUS_MOVE = YES;
				CLANG_WARN_UNGUARDED_AVAILABILITY = YES_AGGRESSIVE;
				CLANG_WARN_UNREACHABLE_CODE = YES;
				CLANG_WARN__DUPLICATE_METHOD_MATCH = YES;
				COPY_PHASE_STRIP = NO;
				DEBUG_INFORMATION_FORMAT = "dwarf-with-dsym";
				ENABLE_NS_ASSERTIONS = NO;
				ENABLE_STRICT_OBJC_MSGSEND = YES;
				GCC_C_LANGUAGE_STANDARD = gnu11;
				GCC_NO_COMMON_BLOCKS = YES;
				GCC_WARN_64_TO_32_BIT_CONVERSION = YES;
				GCC_WARN_ABOUT_RETURN_TYPE = YES_ERROR;
				GCC_WARN_UNDECLARED_SELECTOR = YES;
				GCC_WARN_UNINITIALIZED_AUTOS = YES_AGGRESSIVE;
				GCC_WARN_UNUSED_FUNCTION = YES;
				GCC_WARN_UNUSED_VARIABLE = YES;
				IPHONEOS_DEPLOYMENT_TARGET = 14.4;
				MTL_ENABLE_DEBUG_INFO = NO;
				MTL_FAST_MATH = YES;
				SDKROOT = iphoneos;
				SWIFT_COMPILATION_MODE = wholemodule;
				SWIFT_OPTIMIZATION_LEVEL = "-O";
				VALIDATE_PRODUCT = YES;
			};
			name = Release;
		};
		36B9F838262F6E4A0010BFCD /* Debug */ = {
			isa = XCBuildConfiguration;
			baseConfigurationReference = 12A70B53793F1D4B5C5241D2 /* Pods-YourELP.debug.xcconfig */;
			buildSettings = {
				ASSETCATALOG_COMPILER_APPICON_NAME = AppIcon;
				ASSETCATALOG_COMPILER_GLOBAL_ACCENT_COLOR_NAME = AccentColor;
				CODE_SIGN_STYLE = Automatic;
				DEVELOPMENT_TEAM = HRR4MZ37J7;
				INFOPLIST_FILE = YourELP/Info.plist;
				LD_RUNPATH_SEARCH_PATHS = (
					"$(inherited)",
					"@executable_path/Frameworks",
				);
				PRODUCT_BUNDLE_IDENTIFIER = com.huntajack1122.iOSProj;
				PRODUCT_NAME = "$(TARGET_NAME)";
				SWIFT_VERSION = 5.0;
				TARGETED_DEVICE_FAMILY = "1,2";
			};
			name = Debug;
		};
		36B9F839262F6E4A0010BFCD /* Release */ = {
			isa = XCBuildConfiguration;
			baseConfigurationReference = EE198B2B92AD394DFC4AADFB /* Pods-YourELP.release.xcconfig */;
			buildSettings = {
				ASSETCATALOG_COMPILER_APPICON_NAME = AppIcon;
				ASSETCATALOG_COMPILER_GLOBAL_ACCENT_COLOR_NAME = AccentColor;
				CODE_SIGN_STYLE = Automatic;
				DEVELOPMENT_TEAM = HRR4MZ37J7;
				INFOPLIST_FILE = YourELP/Info.plist;
				LD_RUNPATH_SEARCH_PATHS = (
					"$(inherited)",
					"@executable_path/Frameworks",
				);
				PRODUCT_BUNDLE_IDENTIFIER = com.huntajack1122.iOSProj;
				PRODUCT_NAME = "$(TARGET_NAME)";
				SWIFT_VERSION = 5.0;
				TARGETED_DEVICE_FAMILY = "1,2";
			};
			name = Release;
		};
/* End XCBuildConfiguration section */

/* Begin XCConfigurationList section */
		36B9F81B262F6E460010BFCD /* Build configuration list for PBXProject "YourELP" */ = {
			isa = XCConfigurationList;
			buildConfigurations = (
				36B9F835262F6E4A0010BFCD /* Debug */,
				36B9F836262F6E4A0010BFCD /* Release */,
			);
			defaultConfigurationIsVisible = 0;
			defaultConfigurationName = Release;
		};
		36B9F837262F6E4A0010BFCD /* Build configuration list for PBXNativeTarget "YourELP" */ = {
			isa = XCConfigurationList;
			buildConfigurations = (
				36B9F838262F6E4A0010BFCD /* Debug */,
				36B9F839262F6E4A0010BFCD /* Release */,
			);
			defaultConfigurationIsVisible = 0;
			defaultConfigurationName = Release;
		};
/* End XCConfigurationList section */

/* Begin XCVersionGroup section */
		36B6418C263C588E006620AC /* SelfReviews.xcdatamodeld */ = {
			isa = XCVersionGroup;
			children = (
				36B6418D263C588E006620AC /* SelfReviews.xcdatamodel */,
			);
			currentVersion = 36B6418D263C588E006620AC /* SelfReviews.xcdatamodel */;
			path = SelfReviews.xcdatamodeld;
			sourceTree = "<group>";
			versionGroupType = wrapper.xcdatamodel;
		};
/* End XCVersionGroup section */
	};
	rootObject = 36B9F818262F6E460010BFCD /* Project object */;
}
